
Microsoft Visual Studio Solution File, Format Version 12.00
# Visual Studio for Mac
Project("{FAE04EC0-301F-11D3-BF4B-00C04F79EFBC}") = "mulova.commons", "mulova.commons.csproj", "{00A9D0F9-7C8A-D58B-F712-BF4F1368B055}"
EndProject
Project("{FAE04EC0-301F-11D3-BF4B-00C04F79EFBC}") = "etc", "etc.csproj", "{926FCE28-F3FC-EB93-130B-32A02FA8B2E4}"
EndProject
Project("{FAE04EC0-301F-11D3-BF4B-00C04F79EFBC}") = "comunity", "comunity.csproj", "{9C3EB1C8-D05A-0CBF-9D4B-14A9D61111CB}"
EndProject
Project("{FAE04EC0-301F-11D3-BF4B-00C04F79EFBC}") = "audio", "audio.csproj", "{2E7DF6E0-EF12-98A7-CD4A-0D8B2B151764}"
EndProject
Project("{FAE04EC0-301F-11D3-BF4B-00C04F79EFBC}") = "ani", "ani.csproj", "{DE99875D-3F9D-EE10-081B-9BB7F611B3DD}"
EndProject
Project("{FAE04EC0-301F-11D3-BF4B-00C04F79EFBC}") = "mulova.legacy", "mulova.legacy.csproj", "{44466DAC-0F47-D711-E0E6-F441CBBCAAB3}"
EndProject
Project("{FAE04EC0-301F-11D3-BF4B-00C04F79EFBC}") = "AssetBundleManager", "AssetBundleManager.csproj", "{7D9A7FC7-8189-7430-294F-D1E28521C8AD}"
EndProject
Project("{FAE04EC0-301F-11D3-BF4B-00C04F79EFBC}") = "uguiex", "uguiex.csproj", "{D0DBDAF2-CC79-550F-B46B-B8908ADC01A9}"
EndProject
Project("{FAE04EC0-301F-11D3-BF4B-00C04F79EFBC}") = "effect", "effect.csproj", "{A3726E2D-C6AB-3D90-C8CE-36D0C8D53822}"
EndProject
Project("{FAE04EC0-301F-11D3-BF4B-00C04F79EFBC}") = "comunity-editor", "comunity-editor.csproj", "{11B26199-42FA-D3F2-9F96-05DE668C1585}"
EndProject
Project("{FAE04EC0-301F-11D3-BF4B-00C04F79EFBC}") = "convinity-editor", "convinity-editor.csproj", "{B9324C48-3B48-A466-33B0-163263606B59}"
EndProject
Project("{FAE04EC0-301F-11D3-BF4B-00C04F79EFBC}") = "reorderablelist", "reorderablelist.csproj", "{0939D926-43CD-F98E-9788-E0157A0FD0EA}"
EndProject
Project("{FAE04EC0-301F-11D3-BF4B-00C04F79EFBC}") = "etc-Editor", "etc-Editor.csproj", "{42ED307E-2643-BF3E-551E-17EB8CD48E9A}"
EndProject
Project("{FAE04EC0-301F-11D3-BF4B-00C04F79EFBC}") = "reorderablelist-editor", "reorderablelist-editor.csproj", "{C4440E64-F8E5-A167-F812-538407F70954}"
EndProject
Project("{FAE04EC0-301F-11D3-BF4B-00C04F79EFBC}") = "build", "build.csproj", "{A2B6D256-79FC-8DF0-3708-17E5034EC539}"
EndProject
Project("{FAE04EC0-301F-11D3-BF4B-00C04F79EFBC}") = "ani-editor", "ani-editor.csproj", "{087C0449-2C64-0B57-BFDA-1A47F1AEDD9A}"
EndProject
Project("{FAE04EC0-301F-11D3-BF4B-00C04F79EFBC}") = "AssetBundleManagerEditor", "AssetBundleManagerEditor.csproj", "{1DF042C9-A331-EA74-AF77-60D2A33C13ED}"
EndProject
Project("{FAE04EC0-301F-11D3-BF4B-00C04F79EFBC}") = "scenehistorian", "scenehistorian.csproj", "{3C017236-3854-EDDA-B37B-52DAB61DBFD4}"
EndProject
Project("{FAE04EC0-301F-11D3-BF4B-00C04F79EFBC}") = "audio-editor", "audio-editor.csproj", "{97655C52-7EC8-E395-D52B-CEA05896EC5A}"
EndProject
Project("{FAE04EC0-301F-11D3-BF4B-00C04F79EFBC}") = "effect-editor", "effect-editor.csproj", "{277A8AE5-A7E1-9C9D-65FE-89B185262CB4}"
EndProject
Project("{FAE04EC0-301F-11D3-BF4B-00C04F79EFBC}") = "Shortcut", "Shortcut.csproj", "{471978EF-D15C-A217-BD84-45564CB9C183}"
EndProject
Project("{FAE04EC0-301F-11D3-BF4B-00C04F79EFBC}") = "uguiex-editor", "uguiex-editor.csproj", "{CFCE1438-0B8F-38E1-CCD4-46D3149D32D4}"
EndProject
Global
	GlobalSection(SolutionConfigurationPlatforms) = preSolution
		Debug|Any CPU = Debug|Any CPU
		Release|Any CPU = Release|Any CPU
	EndGlobalSection
	GlobalSection(ProjectConfigurationPlatforms) = postSolution
		{00A9D0F9-7C8A-D58B-F712-BF4F1368B055}.Debug|Any CPU.ActiveCfg = Debug|Any CPU
		{00A9D0F9-7C8A-D58B-F712-BF4F1368B055}.Debug|Any CPU.Build.0 = Debug|Any CPU
		{00A9D0F9-7C8A-D58B-F712-BF4F1368B055}.Release|Any CPU.ActiveCfg = Release|Any CPU
		{00A9D0F9-7C8A-D58B-F712-BF4F1368B055}.Release|Any CPU.Build.0 = Release|Any CPU
		{926FCE28-F3FC-EB93-130B-32A02FA8B2E4}.Debug|Any CPU.ActiveCfg = Debug|Any CPU
		{926FCE28-F3FC-EB93-130B-32A02FA8B2E4}.Debug|Any CPU.Build.0 = Debug|Any CPU
		{926FCE28-F3FC-EB93-130B-32A02FA8B2E4}.Release|Any CPU.ActiveCfg = Release|Any CPU
		{926FCE28-F3FC-EB93-130B-32A02FA8B2E4}.Release|Any CPU.Build.0 = Release|Any CPU
		{9C3EB1C8-D05A-0CBF-9D4B-14A9D61111CB}.Debug|Any CPU.ActiveCfg = Debug|Any CPU
		{9C3EB1C8-D05A-0CBF-9D4B-14A9D61111CB}.Debug|Any CPU.Build.0 = Debug|Any CPU
		{9C3EB1C8-D05A-0CBF-9D4B-14A9D61111CB}.Release|Any CPU.ActiveCfg = Release|Any CPU
		{9C3EB1C8-D05A-0CBF-9D4B-14A9D61111CB}.Release|Any CPU.Build.0 = Release|Any CPU
		{2E7DF6E0-EF12-98A7-CD4A-0D8B2B151764}.Debug|Any CPU.ActiveCfg = Debug|Any CPU
		{2E7DF6E0-EF12-98A7-CD4A-0D8B2B151764}.Debug|Any CPU.Build.0 = Debug|Any CPU
		{2E7DF6E0-EF12-98A7-CD4A-0D8B2B151764}.Release|Any CPU.ActiveCfg = Release|Any CPU
		{2E7DF6E0-EF12-98A7-CD4A-0D8B2B151764}.Release|Any CPU.Build.0 = Release|Any CPU
		{DE99875D-3F9D-EE10-081B-9BB7F611B3DD}.Debug|Any CPU.ActiveCfg = Debug|Any CPU
		{DE99875D-3F9D-EE10-081B-9BB7F611B3DD}.Debug|Any CPU.Build.0 = Debug|Any CPU
		{DE99875D-3F9D-EE10-081B-9BB7F611B3DD}.Release|Any CPU.ActiveCfg = Release|Any CPU
		{DE99875D-3F9D-EE10-081B-9BB7F611B3DD}.Release|Any CPU.Build.0 = Release|Any CPU
		{44466DAC-0F47-D711-E0E6-F441CBBCAAB3}.Debug|Any CPU.ActiveCfg = Debug|Any CPU
		{44466DAC-0F47-D711-E0E6-F441CBBCAAB3}.Debug|Any CPU.Build.0 = Debug|Any CPU
		{44466DAC-0F47-D711-E0E6-F441CBBCAAB3}.Release|Any CPU.ActiveCfg = Release|Any CPU
		{44466DAC-0F47-D711-E0E6-F441CBBCAAB3}.Release|Any CPU.Build.0 = Release|Any CPU
		{7D9A7FC7-8189-7430-294F-D1E28521C8AD}.Debug|Any CPU.ActiveCfg = Debug|Any CPU
		{7D9A7FC7-8189-7430-294F-D1E28521C8AD}.Debug|Any CPU.Build.0 = Debug|Any CPU
		{7D9A7FC7-8189-7430-294F-D1E28521C8AD}.Release|Any CPU.ActiveCfg = Release|Any CPU
		{7D9A7FC7-8189-7430-294F-D1E28521C8AD}.Release|Any CPU.Build.0 = Release|Any CPU
		{D0DBDAF2-CC79-550F-B46B-B8908ADC01A9}.Debug|Any CPU.ActiveCfg = Debug|Any CPU
		{D0DBDAF2-CC79-550F-B46B-B8908ADC01A9}.Debug|Any CPU.Build.0 = Debug|Any CPU
		{D0DBDAF2-CC79-550F-B46B-B8908ADC01A9}.Release|Any CPU.ActiveCfg = Release|Any CPU
		{D0DBDAF2-CC79-550F-B46B-B8908ADC01A9}.Release|Any CPU.Build.0 = Release|Any CPU
		{A3726E2D-C6AB-3D90-C8CE-36D0C8D53822}.Debug|Any CPU.ActiveCfg = Debug|Any CPU
		{A3726E2D-C6AB-3D90-C8CE-36D0C8D53822}.Debug|Any CPU.Build.0 = Debug|Any CPU
		{A3726E2D-C6AB-3D90-C8CE-36D0C8D53822}.Release|Any CPU.ActiveCfg = Release|Any CPU
		{A3726E2D-C6AB-3D90-C8CE-36D0C8D53822}.Release|Any CPU.Build.0 = Release|Any CPU
		{11B26199-42FA-D3F2-9F96-05DE668C1585}.Debug|Any CPU.ActiveCfg = Debug|Any CPU
		{11B26199-42FA-D3F2-9F96-05DE668C1585}.Debug|Any CPU.Build.0 = Debug|Any CPU
		{11B26199-42FA-D3F2-9F96-05DE668C1585}.Release|Any CPU.ActiveCfg = Release|Any CPU
		{11B26199-42FA-D3F2-9F96-05DE668C1585}.Release|Any CPU.Build.0 = Release|Any CPU
		{B9324C48-3B48-A466-33B0-163263606B59}.Debug|Any CPU.ActiveCfg = Debug|Any CPU
		{B9324C48-3B48-A466-33B0-163263606B59}.Debug|Any CPU.Build.0 = Debug|Any CPU
		{B9324C48-3B48-A466-33B0-163263606B59}.Release|Any CPU.ActiveCfg = Release|Any CPU
		{B9324C48-3B48-A466-33B0-163263606B59}.Release|Any CPU.Build.0 = Release|Any CPU
		{0939D926-43CD-F98E-9788-E0157A0FD0EA}.Debug|Any CPU.ActiveCfg = Debug|Any CPU
		{0939D926-43CD-F98E-9788-E0157A0FD0EA}.Debug|Any CPU.Build.0 = Debug|Any CPU
		{0939D926-43CD-F98E-9788-E0157A0FD0EA}.Release|Any CPU.ActiveCfg = Release|Any CPU
		{0939D926-43CD-F98E-9788-E0157A0FD0EA}.Release|Any CPU.Build.0 = Release|Any CPU
		{42ED307E-2643-BF3E-551E-17EB8CD48E9A}.Debug|Any CPU.ActiveCfg = Debug|Any CPU
		{42ED307E-2643-BF3E-551E-17EB8CD48E9A}.Debug|Any CPU.Build.0 = Debug|Any CPU
		{42ED307E-2643-BF3E-551E-17EB8CD48E9A}.Release|Any CPU.ActiveCfg = Release|Any CPU
		{42ED307E-2643-BF3E-551E-17EB8CD48E9A}.Release|Any CPU.Build.0 = Release|Any CPU
		{C4440E64-F8E5-A167-F812-538407F70954}.Debug|Any CPU.ActiveCfg = Debug|Any CPU
		{C4440E64-F8E5-A167-F812-538407F70954}.Debug|Any CPU.Build.0 = Debug|Any CPU
		{C4440E64-F8E5-A167-F812-538407F70954}.Release|Any CPU.ActiveCfg = Release|Any CPU
		{C4440E64-F8E5-A167-F812-538407F70954}.Release|Any CPU.Build.0 = Release|Any CPU
		{A2B6D256-79FC-8DF0-3708-17E5034EC539}.Debug|Any CPU.ActiveCfg = Debug|Any CPU
		{A2B6D256-79FC-8DF0-3708-17E5034EC539}.Debug|Any CPU.Build.0 = Debug|Any CPU
		{A2B6D256-79FC-8DF0-3708-17E5034EC539}.Release|Any CPU.ActiveCfg = Release|Any CPU
		{A2B6D256-79FC-8DF0-3708-17E5034EC539}.Release|Any CPU.Build.0 = Release|Any CPU
		{087C0449-2C64-0B57-BFDA-1A47F1AEDD9A}.Debug|Any CPU.ActiveCfg = Debug|Any CPU
		{087C0449-2C64-0B57-BFDA-1A47F1AEDD9A}.Debug|Any CPU.Build.0 = Debug|Any CPU
		{087C0449-2C64-0B57-BFDA-1A47F1AEDD9A}.Release|Any CPU.ActiveCfg = Release|Any CPU
		{087C0449-2C64-0B57-BFDA-1A47F1AEDD9A}.Release|Any CPU.Build.0 = Release|Any CPU
		{1DF042C9-A331-EA74-AF77-60D2A33C13ED}.Debug|Any CPU.ActiveCfg = Debug|Any CPU
		{1DF042C9-A331-EA74-AF77-60D2A33C13ED}.Debug|Any CPU.Build.0 = Debug|Any CPU
		{1DF042C9-A331-EA74-AF77-60D2A33C13ED}.Release|Any CPU.ActiveCfg = Release|Any CPU
		{1DF042C9-A331-EA74-AF77-60D2A33C13ED}.Release|Any CPU.Build.0 = Release|Any CPU
		{3C017236-3854-EDDA-B37B-52DAB61DBFD4}.Debug|Any CPU.ActiveCfg = Debug|Any CPU
		{3C017236-3854-EDDA-B37B-52DAB61DBFD4}.Debug|Any CPU.Build.0 = Debug|Any CPU
		{3C017236-3854-EDDA-B37B-52DAB61DBFD4}.Release|Any CPU.ActiveCfg = Release|Any CPU
		{3C017236-3854-EDDA-B37B-52DAB61DBFD4}.Release|Any CPU.Build.0 = Release|Any CPU
		{97655C52-7EC8-E395-D52B-CEA05896EC5A}.Debug|Any CPU.ActiveCfg = Debug|Any CPU
		{97655C52-7EC8-E395-D52B-CEA05896EC5A}.Debug|Any CPU.Build.0 = Debug|Any CPU
		{97655C52-7EC8-E395-D52B-CEA05896EC5A}.Release|Any CPU.ActiveCfg = Release|Any CPU
		{97655C52-7EC8-E395-D52B-CEA05896EC5A}.Release|Any CPU.Build.0 = Release|Any CPU
		{277A8AE5-A7E1-9C9D-65FE-89B185262CB4}.Debug|Any CPU.ActiveCfg = Debug|Any CPU
		{277A8AE5-A7E1-9C9D-65FE-89B185262CB4}.Debug|Any CPU.Build.0 = Debug|Any CPU
		{277A8AE5-A7E1-9C9D-65FE-89B185262CB4}.Release|Any CPU.ActiveCfg = Release|Any CPU
		{277A8AE5-A7E1-9C9D-65FE-89B185262CB4}.Release|Any CPU.Build.0 = Release|Any CPU
		{471978EF-D15C-A217-BD84-45564CB9C183}.Debug|Any CPU.ActiveCfg = Debug|Any CPU
		{471978EF-D15C-A217-BD84-45564CB9C183}.Debug|Any CPU.Build.0 = Debug|Any CPU
		{471978EF-D15C-A217-BD84-45564CB9C183}.Release|Any CPU.ActiveCfg = Release|Any CPU
		{471978EF-D15C-A217-BD84-45564CB9C183}.Release|Any CPU.Build.0 = Release|Any CPU
		{CFCE1438-0B8F-38E1-CCD4-46D3149D32D4}.Debug|Any CPU.ActiveCfg = Debug|Any CPU
		{CFCE1438-0B8F-38E1-CCD4-46D3149D32D4}.Debug|Any CPU.Build.0 = Debug|Any CPU
		{CFCE1438-0B8F-38E1-CCD4-46D3149D32D4}.Release|Any CPU.ActiveCfg = Release|Any CPU
		{CFCE1438-0B8F-38E1-CCD4-46D3149D32D4}.Release|Any CPU.Build.0 = Release|Any CPU
	EndGlobalSection
	GlobalSection(SolutionProperties) = preSolution
		HideSolutionNode = FALSE
	EndGlobalSection
EndGlobal
